<?xml version="1.0"?>
<CONFIG>
  <ProjectOptions>
    <PathDelim Value="\"/>
    <Version Value="5"/>
    <General>
      <Flags>
        <AlwaysBuild Value="False"/>
      </Flags>
      <MainUnit Value="0"/>
      <IconPath Value="./"/>
      <TargetFileExt Value=".exe"/>
      <Title Value="Free Pascal IDE"/>
      <ActiveEditorIndexAtStart Value="1"/>
    </General>
    <PublishOptions>
      <Version Value="2"/>
      <IgnoreBinaries Value="False"/>
      <IncludeFileFilter Value="*.(pas|pp|inc|lfm|lpr|lrs|lpi|lpk|sh|xml)"/>
      <ExcludeFileFilter Value="*.(bak|ppu|ppw|o|so);*~;backup"/>
    </PublishOptions>
    <RunParams>
      <local>
        <FormatVersion Value="1"/>
        <LaunchingApplication PathPlusParams="/usr/X11R6/bin/xterm -T 'Lazarus Run Output' -e $(LazarusDir)/tools/runwait.sh $(TargetCmdLine)"/>
      </local>
    </RunParams>
    <RequiredPackages Count="3">
      <Item1>
        <PackageName Value="TurboPowerIPro"/>
        <MinVersion Major="1" Valid="True"/>
      </Item1>
      <Item2>
        <PackageName Value="SynEdit"/>
      </Item2>
      <Item3>
        <PackageName Value="LCL"/>
      </Item3>
    </RequiredPackages>
    <Units Count="44">
      <Unit0>
        <Filename Value="fpx.lpr"/>
        <IsPartOfProject Value="True"/>
        <UnitName Value="fpx"/>
        <CursorPos X="37" Y="26"/>
        <TopLine Value="1"/>
        <EditorIndex Value="0"/>
        <UsageCount Value="203"/>
        <Loaded Value="True"/>
      </Unit0>
      <Unit1>
        <Filename Value="uMain.pp"/>
        <ComponentName Value="MainForm"/>
        <HasResources Value="True"/>
        <IsPartOfProject Value="True"/>
        <ResourceFilename Value="uMain.lrs"/>
        <UnitName Value="uMain"/>
        <CursorPos X="1" Y="893"/>
        <TopLine Value="861"/>
        <EditorIndex Value="1"/>
        <UsageCount Value="203"/>
        <Bookmarks Count="3">
          <Item0 X="23" Y="2297" ID="1"/>
          <Item1 X="1" Y="482" ID="2"/>
          <Item2 X="6" Y="2260" ID="3"/>
        </Bookmarks>
        <Loaded Value="True"/>
      </Unit1>
      <Unit2>
        <Filename Value="uCompilerOptionsDialog.pp"/>
        <ComponentName Value="CompilerOptionsDialog"/>
        <HasResources Value="True"/>
        <IsPartOfProject Value="True"/>
        <ResourceFilename Value="uCompilerOptionsDialog.lrs"/>
        <UnitName Value="uCompilerOptionsDialog"/>
        <CursorPos X="1" Y="17"/>
        <TopLine Value="1"/>
        <UsageCount Value="123"/>
      </Unit2>
      <Unit3>
        <Filename Value="uMessageBoxController.pp"/>
        <ComponentName Value="MessageBoxController"/>
        <HasResources Value="True"/>
        <IsPartOfProject Value="True"/>
        <ResourceFilename Value="uMessageBoxController.lrs"/>
        <UnitName Value="uMessageBoxController"/>
        <CursorPos X="22" Y="5"/>
        <TopLine Value="5"/>
        <UsageCount Value="123"/>
      </Unit3>
      <Unit4>
        <Filename Value="uAboutDialog.pp"/>
        <ComponentName Value="AboutDialog"/>
        <HasResources Value="True"/>
        <IsPartOfProject Value="True"/>
        <ResourceFilename Value="uAboutDialog.lrs"/>
        <UnitName Value="uAboutDialog"/>
        <CursorPos X="5" Y="24"/>
        <TopLine Value="1"/>
        <UsageCount Value="123"/>
      </Unit4>
      <Unit5>
        <Filename Value="uEditorOptionsController.pp"/>
        <IsPartOfProject Value="True"/>
        <UnitName Value="uEditorOptionsController"/>
        <CursorPos X="44" Y="235"/>
        <TopLine Value="218"/>
        <UsageCount Value="123"/>
      </Unit5>
      <Unit6>
        <Filename Value="uProcessListWindow.pp"/>
        <ComponentName Value="ProcessListWindow"/>
        <IsPartOfProject Value="True"/>
        <ResourceFilename Value="uProcessListWindow.lrs"/>
        <UnitName Value="uProcessListWindow"/>
        <CursorPos X="27" Y="55"/>
        <TopLine Value="33"/>
        <UsageCount Value="138"/>
      </Unit6>
      <Unit7>
        <Filename Value="uAsciiTable.pp"/>
        <ComponentName Value="ASCIITable"/>
        <HasResources Value="True"/>
        <IsPartOfProject Value="True"/>
        <ResourceFilename Value="uAsciiTable.lrs"/>
        <UnitName Value="uAsciiTable"/>
        <CursorPos X="27" Y="55"/>
        <TopLine Value="25"/>
        <UsageCount Value="123"/>
      </Unit7>
      <Unit8>
        <Filename Value="uEditorStyleDialog.pp"/>
        <ComponentName Value="EditorStyleDialog"/>
        <HasResources Value="True"/>
        <IsPartOfProject Value="True"/>
        <ResourceFilename Value="uEditorStyleDialog.lrs"/>
        <UnitName Value="uEditorStyleDialog"/>
        <CursorPos X="47" Y="1"/>
        <TopLine Value="1"/>
        <UsageCount Value="123"/>
      </Unit8>
      <Unit9>
        <Filename Value="uDebugger.pp"/>
        <IsPartOfProject Value="True"/>
        <UnitName Value="uDebugger"/>
        <CursorPos X="5" Y="1035"/>
        <TopLine Value="1"/>
        <UsageCount Value="143"/>
      </Unit9>
      <Unit10>
        <Filename Value="uMemorySizesDialog.pp"/>
        <ComponentName Value="MemorySizesDialog"/>
        <HasResources Value="True"/>
        <IsPartOfProject Value="True"/>
        <ResourceFilename Value="uMemorySizesDialog.lrs"/>
        <UnitName Value="uMemorySizesDialog"/>
        <CursorPos X="29" Y="1"/>
        <TopLine Value="1"/>
        <UsageCount Value="123"/>
      </Unit10>
      <Unit11>
        <Filename Value="uPrimaryFileDialog.pp"/>
        <ComponentName Value="PrimaryFileDialog"/>
        <HasResources Value="True"/>
        <IsPartOfProject Value="True"/>
        <ResourceFilename Value="uPrimaryFileDialog.lrs"/>
        <UnitName Value="uPrimaryFileDialog"/>
        <CursorPos X="43" Y="60"/>
        <TopLine Value="1"/>
        <UsageCount Value="123"/>
      </Unit11>
      <Unit12>
        <Filename Value="uRuntimeParametersDialog.pp"/>
        <ComponentName Value="RuntimeParametersDialog"/>
        <HasResources Value="True"/>
        <IsPartOfProject Value="True"/>
        <ResourceFilename Value="uRuntimeParametersDialog.lrs"/>
        <UnitName Value="uRuntimeParametersDialog"/>
        <CursorPos X="12" Y="61"/>
        <TopLine Value="1"/>
        <UsageCount Value="123"/>
      </Unit12>
      <Unit13>
        <Filename Value="uTargetDialog.pp"/>
        <ComponentName Value="TargetDialog"/>
        <HasResources Value="True"/>
        <IsPartOfProject Value="True"/>
        <ResourceFilename Value="uTargetDialog.lrs"/>
        <UnitName Value="uTargetDialog"/>
        <CursorPos X="1" Y="19"/>
        <TopLine Value="1"/>
        <UsageCount Value="123"/>
      </Unit13>
      <Unit14>
        <Filename Value="uCompilerModeDialog.pp"/>
        <ComponentName Value="CompilerModeDialog"/>
        <HasResources Value="True"/>
        <IsPartOfProject Value="True"/>
        <ResourceFilename Value="uCompilerModeDialog.lrs"/>
        <UnitName Value="uCompilerModeDialog"/>
        <CursorPos X="27" Y="15"/>
        <TopLine Value="1"/>
        <UsageCount Value="123"/>
      </Unit14>
      <Unit15>
        <Filename Value="uDirectoriesDialog.pp"/>
        <ComponentName Value="DirectoriesDialog"/>
        <HasResources Value="True"/>
        <IsPartOfProject Value="True"/>
        <ResourceFilename Value="uDirectoriesDialog.lrs"/>
        <UnitName Value="uDirectoriesDialog"/>
        <CursorPos X="1" Y="109"/>
        <TopLine Value="1"/>
        <UsageCount Value="123"/>
      </Unit15>
      <Unit16>
        <Filename Value="uEditorOptionsDialog.pp"/>
        <ComponentName Value="EditorOptionsDialog"/>
        <HasResources Value="True"/>
        <IsPartOfProject Value="True"/>
        <ResourceFilename Value="uEditorOptionsDialog.lrs"/>
        <UnitName Value="uEditorOptionsDialog"/>
        <CursorPos X="47" Y="1"/>
        <TopLine Value="1"/>
        <UsageCount Value="123"/>
      </Unit16>
      <Unit17>
        <Filename Value="uFindDialog.pp"/>
        <ComponentName Value="FindDialog"/>
        <HasResources Value="True"/>
        <IsPartOfProject Value="True"/>
        <ResourceFilename Value="uFindDialog.lrs"/>
        <UnitName Value="uFindDialog"/>
        <CursorPos X="1" Y="23"/>
        <TopLine Value="7"/>
        <UsageCount Value="123"/>
      </Unit17>
      <Unit18>
        <Filename Value="uGotoLineDialog.pp"/>
        <ComponentName Value="GotoLineDialog"/>
        <HasResources Value="True"/>
        <IsPartOfProject Value="True"/>
        <ResourceFilename Value="uGotoLineDialog.lrs"/>
        <UnitName Value="uGotoLineDialog"/>
        <CursorPos X="5" Y="66"/>
        <TopLine Value="40"/>
        <UsageCount Value="123"/>
      </Unit18>
      <Unit19>
        <Filename Value="uLinkerDialog.pp"/>
        <ComponentName Value="LinkerDialog"/>
        <HasResources Value="True"/>
        <IsPartOfProject Value="True"/>
        <ResourceFilename Value="uLinkerDialog.lrs"/>
        <UnitName Value="uLinkerDialog"/>
        <CursorPos X="1" Y="55"/>
        <TopLine Value="1"/>
        <UsageCount Value="123"/>
      </Unit19>
      <Unit20>
        <Filename Value="uWatchListWindow.pp"/>
        <ComponentName Value="WatchListWindow"/>
        <IsPartOfProject Value="True"/>
        <ResourceFilename Value="uWatchListWindow.lrs"/>
        <UnitName Value="uWatchListWindow"/>
        <CursorPos X="8" Y="106"/>
        <TopLine Value="86"/>
        <UsageCount Value="200"/>
      </Unit20>
      <Unit21>
        <Filename Value="uAddWatchDialog.pp"/>
        <ComponentName Value="AddWatchDialog"/>
        <IsPartOfProject Value="True"/>
        <ResourceFilename Value="uAddWatchDialog.lrs"/>
        <UnitName Value="uAddWatchDialog"/>
        <CursorPos X="20" Y="65"/>
        <TopLine Value="42"/>
        <UsageCount Value="200"/>
      </Unit21>
      <Unit22>
        <Filename Value="uDebugOptionsDialog.pp"/>
        <ComponentName Value="DebugOptionsDialog"/>
        <IsPartOfProject Value="True"/>
        <ResourceFilename Value="uDebugOptionsDialog.lrs"/>
        <UnitName Value="uDebugOptionsDialog"/>
        <CursorPos X="22" Y="26"/>
        <TopLine Value="1"/>
        <UsageCount Value="200"/>
      </Unit22>
      <Unit23>
        <Filename Value="uBreakPointListWindow.pp"/>
        <ComponentName Value="BreakPointListWindow"/>
        <IsPartOfProject Value="True"/>
        <ResourceFilename Value="uBreakPointListWindow.lrs"/>
        <UnitName Value="uBreakPointListWindow"/>
        <CursorPos X="5" Y="25"/>
        <TopLine Value="1"/>
        <UsageCount Value="205"/>
      </Unit23>
      <Unit24>
        <Filename Value="uAddBreakPointDialog.pp"/>
        <ComponentName Value="AddBreakpointDialog"/>
        <IsPartOfProject Value="True"/>
        <ResourceFilename Value="uAddBreakPointDialog.lrs"/>
        <UnitName Value="uAddBreakPointDialog"/>
        <CursorPos X="5" Y="30"/>
        <TopLine Value="11"/>
        <UsageCount Value="204"/>
      </Unit24>
      <Unit25>
        <Filename Value="uCallStackWindow.pp"/>
        <ComponentName Value="CallStackWindow"/>
        <IsPartOfProject Value="True"/>
        <ResourceFilename Value="uCallStackWindow.lrs"/>
        <UnitName Value="uCallStackWindow"/>
        <CursorPos X="10" Y="1"/>
        <TopLine Value="1"/>
        <UsageCount Value="201"/>
      </Unit25>
      <Unit26>
        <Filename Value="uRegistersWindow.pp"/>
        <ComponentName Value="RegistersWindow"/>
        <IsPartOfProject Value="True"/>
        <ResourceFilename Value="uRegistersWindow.lrs"/>
        <UnitName Value="uRegistersWindow"/>
        <CursorPos X="49" Y="14"/>
        <TopLine Value="1"/>
        <UsageCount Value="202"/>
      </Unit26>
      <Unit27>
        <Filename Value="uDisassemblyWindow.pp"/>
        <ComponentName Value="DisassemblyWindow"/>
        <IsPartOfProject Value="True"/>
        <ResourceFilename Value="uDisassemblyWindow.lrs"/>
        <UnitName Value="uDisassemblyWindow"/>
        <CursorPos X="34" Y="25"/>
        <TopLine Value="1"/>
        <UsageCount Value="200"/>
      </Unit27>
      <Unit28>
        <Filename Value="structures.inc"/>
        <CursorPos X="1" Y="27"/>
        <TopLine Value="8"/>
        <UsageCount Value="10"/>
      </Unit28>
      <Unit29>
        <Filename Value="uHelpDialog.pp"/>
        <ComponentName Value="HelpDialog"/>
        <IsPartOfProject Value="True"/>
        <ResourceFilename Value="uHelpDialog.lrs"/>
        <UnitName Value="uHelpDialog"/>
        <CursorPos X="59" Y="26"/>
        <TopLine Value="1"/>
        <UsageCount Value="200"/>
      </Unit29>
      <Unit30>
        <Filename Value="uHelpFilesDialog.pp"/>
        <ComponentName Value="HelpFilesDialog"/>
        <IsPartOfProject Value="True"/>
        <ResourceFilename Value="uHelpFilesDialog.lrs"/>
        <UnitName Value="uHelpFilesDialog"/>
        <CursorPos X="1" Y="28"/>
        <TopLine Value="1"/>
        <UsageCount Value="204"/>
      </Unit30>
      <Unit31>
        <Filename Value="avl.pp"/>
        <UnitName Value="avl"/>
        <CursorPos X="10" Y="1"/>
        <TopLine Value="1"/>
        <UsageCount Value="2"/>
      </Unit31>
      <Unit32>
        <Filename Value="debuggertest.pas"/>
        <UnitName Value="debuggertest"/>
        <CursorPos X="1" Y="1"/>
        <TopLine Value="1"/>
        <UsageCount Value="4"/>
      </Unit32>
      <Unit33>
        <Filename Value="tagreader.pp"/>
        <UnitName Value="tagreader"/>
        <CursorPos X="1" Y="1"/>
        <TopLine Value="1"/>
        <UsageCount Value="4"/>
      </Unit33>
      <Unit34>
        <Filename Value="uTagReader.pp"/>
        <IsPartOfProject Value="True"/>
        <UnitName Value="uTagReader"/>
        <CursorPos X="22" Y="250"/>
        <TopLine Value="1"/>
        <UsageCount Value="126"/>
      </Unit34>
      <Unit35>
        <Filename Value="uAVLTree.pp"/>
        <IsPartOfProject Value="True"/>
        <UnitName Value="uAVLTree"/>
        <CursorPos X="39" Y="1"/>
        <TopLine Value="1"/>
        <UsageCount Value="123"/>
      </Unit35>
      <Unit36>
        <Filename Value="uIndexDialog.pp"/>
        <ComponentName Value="IndexDialog"/>
        <ResourceFilename Value="uIndexDialog.lrs"/>
        <UnitName Value="uIndexDialog"/>
        <CursorPos X="60" Y="26"/>
        <TopLine Value="21"/>
        <UsageCount Value="54"/>
      </Unit36>
      <Unit37>
        <Filename Value="..\aaa.pp"/>
        <UnitName Value="aaa"/>
        <CursorPos X="1" Y="1"/>
        <TopLine Value="1"/>
        <UsageCount Value="1"/>
      </Unit37>
      <Unit38>
        <Filename Value="uCompileDialog.pp"/>
        <ComponentName Value="CompileDialog"/>
        <IsPartOfProject Value="True"/>
        <ResourceFilename Value="uCompileDialog.lrs"/>
        <UnitName Value="uCompileDialog"/>
        <CursorPos X="1" Y="360"/>
        <TopLine Value="331"/>
        <UsageCount Value="123"/>
      </Unit38>
      <Unit39>
        <Filename Value="keycodes.inc"/>
        <CursorPos X="7" Y="17"/>
        <TopLine Value="1"/>
        <UsageCount Value="3"/>
      </Unit39>
      <Unit40>
        <Filename Value="uEvaluatorWindow.pp"/>
        <ComponentName Value="EvaluatorWindow"/>
        <IsPartOfProject Value="True"/>
        <ResourceFilename Value="uEvaluatorWindow.lrs"/>
        <UnitName Value="uEvaluatorWindow"/>
        <CursorPos X="7" Y="100"/>
        <TopLine Value="89"/>
        <UsageCount Value="96"/>
      </Unit40>
      <Unit41>
        <Filename Value="uBookmarkListWindow.pp"/>
        <ComponentName Value="BookmarkListWindow"/>
        <IsPartOfProject Value="True"/>
        <ResourceFilename Value="uBookmarkListWindow.lrs"/>
        <UnitName Value="uBookmarkListWindow"/>
        <CursorPos X="43" Y="74"/>
        <TopLine Value="71"/>
        <UsageCount Value="89"/>
      </Unit41>
      <Unit42>
        <Filename Value="uInternalEvaluatorDialog.pp"/>
        <ComponentName Value="InternalEvaluatorDialog"/>
        <IsPartOfProject Value="True"/>
        <ResourceFilename Value="uInternalEvaluatorDialog.lrs"/>
        <UnitName Value="uInternalEvaluatorDialog"/>
        <CursorPos X="24" Y="212"/>
        <TopLine Value="207"/>
        <UsageCount Value="39"/>
      </Unit42>
      <Unit43>
        <Filename Value="uShowResultsDialog.pp"/>
        <ComponentName Value="ShowResultsDialog"/>
        <IsPartOfProject Value="True"/>
        <ResourceFilename Value="uShowResultsDialog.lrs"/>
        <UnitName Value="uShowResultsDialog"/>
        <CursorPos X="15" Y="29"/>
        <TopLine Value="5"/>
        <UsageCount Value="39"/>
      </Unit43>
    </Units>
    <JumpHistory Count="21" HistoryIndex="20">
      <Position1>
        <Filename Value="uMain.pp"/>
        <Caret Line="1" Column="12" TopLine="1"/>
      </Position1>
      <Position2>
        <Filename Value="uMain.pp"/>
        <Caret Line="640" Column="3" TopLine="621"/>
      </Position2>
      <Position3>
        <Filename Value="uMain.pp"/>
        <Caret Line="1199" Column="3" TopLine="1196"/>
      </Position3>
      <Position4>
        <Filename Value="uMain.pp"/>
        <Caret Line="337" Column="15" TopLine="318"/>
      </Position4>
      <Position5>
        <Filename Value="uMain.pp"/>
        <Caret Line="2379" Column="5" TopLine="2370"/>
      </Position5>
      <Position6>
        <Filename Value="uMain.pp"/>
        <Caret Line="2389" Column="52" TopLine="2367"/>
      </Position6>
      <Position7>
        <Filename Value="uMain.pp"/>
        <Caret Line="299" Column="15" TopLine="280"/>
      </Position7>
      <Position8>
        <Filename Value="uMain.pp"/>
        <Caret Line="12" Column="1" TopLine="1"/>
      </Position8>
      <Position9>
        <Filename Value="uMain.pp"/>
        <Caret Line="517" Column="10" TopLine="513"/>
      </Position9>
      <Position10>
        <Filename Value="uMain.pp"/>
        <Caret Line="34" Column="16" TopLine="1"/>
      </Position10>
      <Position11>
        <Filename Value="uMain.pp"/>
        <Caret Line="33" Column="10" TopLine="1"/>
      </Position11>
      <Position12>
        <Filename Value="uMain.pp"/>
        <Caret Line="254" Column="1" TopLine="238"/>
      </Position12>
      <Position13>
        <Filename Value="uMain.pp"/>
        <Caret Line="716" Column="19" TopLine="704"/>
      </Position13>
      <Position14>
        <Filename Value="uMain.pp"/>
        <Caret Line="642" Column="3" TopLine="620"/>
      </Position14>
      <Position15>
        <Filename Value="uMain.pp"/>
        <Caret Line="1" Column="15" TopLine="1"/>
      </Position15>
      <Position16>
        <Filename Value="uMain.pp"/>
        <Caret Line="803" Column="36" TopLine="772"/>
      </Position16>
      <Position17>
        <Filename Value="uMain.pp"/>
        <Caret Line="1" Column="1" TopLine="1"/>
      </Position17>
      <Position18>
        <Filename Value="uMain.pp"/>
        <Caret Line="759" Column="11" TopLine="740"/>
      </Position18>
      <Position19>
        <Filename Value="uMain.pp"/>
        <Caret Line="954" Column="3" TopLine="952"/>
      </Position19>
      <Position20>
        <Filename Value="uMain.pp"/>
        <Caret Line="552" Column="6" TopLine="533"/>
      </Position20>
      <Position21>
        <Filename Value="uMain.pp"/>
        <Caret Line="759" Column="3" TopLine="740"/>
      </Position21>
    </JumpHistory>
  </ProjectOptions>
  <CompilerOptions>
    <Version Value="5"/>
    <PathDelim Value="\"/>
    <SearchPaths>
      <SrcPath Value="$(LazarusDir)\lcl\;$(LazarusDir)\lcl\interfaces\$(LCLWidgetType)\"/>
    </SearchPaths>
    <CodeGeneration>
      <Generate Value="Faster"/>
    </CodeGeneration>
    <Linking>
      <Options>
        <Win32>
          <GraphicApplication Value="True"/>
        </Win32>
      </Options>
    </Linking>
    <Other>
      <CompilerPath Value="$(CompPath)"/>
    </Other>
  </CompilerOptions>
  <Debugging>
    <Exceptions Count="2">
      <Item1>
        <Name Value="ECodetoolError"/>
      </Item1>
      <Item2>
        <Name Value="EFOpenError"/>
      </Item2>
    </Exceptions>
  </Debugging>
</CONFIG>
