<?xml version="1.0"?>
<CONFIG>
  <ProjectOptions>
    <PathDelim Value="\"/>
    <Version Value="5"/>
    <General>
      <MainUnit Value="0"/>
      <IconPath Value="./"/>
      <TargetFileExt Value=".exe"/>
      <ActiveEditorIndexAtStart Value="0"/>
    </General>
    <PublishOptions>
      <Version Value="2"/>
      <IgnoreBinaries Value="False"/>
      <IncludeFileFilter Value="*.(pas|pp|inc|lfm|lpr|lrs|lpi|lpk|sh|xml)"/>
      <ExcludeFileFilter Value="*.(bak|ppu|ppw|o|so);*~;backup"/>
    </PublishOptions>
    <RunParams>
      <local>
        <FormatVersion Value="1"/>
        <LaunchingApplication PathPlusParams="/usr/X11R6/bin/xterm -T 'Lazarus Run Output' -e $(LazarusDir)/tools/runwait.sh $(TargetCmdLine)"/>
      </local>
    </RunParams>
    <RequiredPackages Count="2">
      <Item1>
        <PackageName Value="SynEdit"/>
      </Item1>
      <Item2>
        <PackageName Value="LCL"/>
      </Item2>
    </RequiredPackages>
    <Units Count="40">
      <Unit0>
        <Filename Value="fpx.lpr"/>
        <IsPartOfProject Value="True"/>
        <UnitName Value="fpx"/>
        <CursorPos X="14" Y="22"/>
        <TopLine Value="1"/>
        <EditorIndex Value="0"/>
        <UsageCount Value="121"/>
        <Loaded Value="True"/>
      </Unit0>
      <Unit1>
        <Filename Value="uMain.pp"/>
        <ComponentName Value="MainForm"/>
        <HasResources Value="True"/>
        <ResourceFilename Value="uMain.lrs"/>
        <UnitName Value="uMain"/>
        <CursorPos X="17" Y="30"/>
        <TopLine Value="1"/>
        <EditorIndex Value="1"/>
        <UsageCount Value="60"/>
        <Bookmarks Count="3">
          <Item0 X="11" Y="374" ID="1"/>
          <Item1 X="1" Y="382" ID="2"/>
          <Item2 X="4" Y="1689" ID="3"/>
        </Bookmarks>
        <Loaded Value="True"/>
      </Unit1>
      <Unit2>
        <Filename Value="uCompilerOptionsDialog.pp"/>
        <ComponentName Value="CompilerOptionsDialog"/>
        <HasResources Value="True"/>
        <ResourceFilename Value="uCompilerOptionsDialog.lrs"/>
        <UnitName Value="uCompilerOptionsDialog"/>
        <CursorPos X="1" Y="1"/>
        <TopLine Value="1"/>
        <UsageCount Value="10"/>
      </Unit2>
      <Unit3>
        <Filename Value="uruntimeparameters.pas"/>
        <ComponentName Value="RuntimeParameters"/>
        <HasResources Value="True"/>
        <UnitName Value="uRuntimeParameters"/>
        <CursorPos X="10" Y="22"/>
        <TopLine Value="5"/>
        <UsageCount Value="2"/>
      </Unit3>
      <Unit4>
        <Filename Value="uMessageBoxController.pp"/>
        <ComponentName Value="MessageBoxController"/>
        <HasResources Value="True"/>
        <ResourceFilename Value="uMessageBoxController.lrs"/>
        <UnitName Value="uMessageBoxController"/>
        <CursorPos X="47" Y="1"/>
        <TopLine Value="1"/>
        <UsageCount Value="15"/>
      </Unit4>
      <Unit5>
        <Filename Value="..\..\Lazarus\components\synedit\synedittextbuffer.pp"/>
        <UnitName Value="SynEditTextBuffer"/>
        <CursorPos X="29" Y="1241"/>
        <TopLine Value="1224"/>
        <UsageCount Value="2"/>
      </Unit5>
      <Unit6>
        <Filename Value="..\..\Lazarus\lcl\include\customform.inc"/>
        <CursorPos X="39" Y="1197"/>
        <TopLine Value="1175"/>
        <UsageCount Value="2"/>
      </Unit6>
      <Unit7>
        <Filename Value="uAboutDialog.pp"/>
        <ComponentName Value="AboutDialog"/>
        <HasResources Value="True"/>
        <ResourceFilename Value="uAboutDialog.lrs"/>
        <UnitName Value="uAboutDialog"/>
        <CursorPos X="2" Y="1"/>
        <TopLine Value="1"/>
        <UsageCount Value="11"/>
      </Unit7>
      <Unit8>
        <Filename Value="uEditorOptionsController.pp"/>
        <UnitName Value="uEditorOptionsController"/>
        <CursorPos X="23" Y="160"/>
        <TopLine Value="160"/>
        <EditorIndex Value="2"/>
        <UsageCount Value="10"/>
        <Loaded Value="True"/>
      </Unit8>
      <Unit9>
        <Filename Value="uProcessListWindow.pp"/>
        <ComponentName Value="ProcessListWindow"/>
        <ResourceFilename Value="uProcessListWindow.lrs"/>
        <UnitName Value="uProcessListWindow"/>
        <CursorPos X="47" Y="1"/>
        <TopLine Value="1"/>
        <UsageCount Value="45"/>
      </Unit9>
      <Unit10>
        <Filename Value="uAboutWindow.lfm"/>
        <CursorPos X="1" Y="831"/>
        <TopLine Value="789"/>
        <UsageCount Value="5"/>
        <SyntaxHighlighter Value="LFM"/>
      </Unit10>
      <Unit11>
        <Filename Value="debugger.pas"/>
        <UnitName Value="debugger"/>
        <CursorPos X="1" Y="25"/>
        <TopLine Value="21"/>
        <UsageCount Value="9"/>
      </Unit11>
      <Unit12>
        <Filename Value="uAsciiTable.pp"/>
        <ComponentName Value="ASCIITable"/>
        <HasResources Value="True"/>
        <ResourceFilename Value="uAsciiTable.lrs"/>
        <UnitName Value="uAsciiTable"/>
        <CursorPos X="1" Y="1"/>
        <TopLine Value="1"/>
        <UsageCount Value="10"/>
      </Unit12>
      <Unit13>
        <Filename Value="uEditorStyleDialog.pp"/>
        <ComponentName Value="EditorStyleDialog"/>
        <HasResources Value="True"/>
        <ResourceFilename Value="uEditorStyleDialog.lrs"/>
        <UnitName Value="uEditorStyleDialog"/>
        <CursorPos X="1" Y="1"/>
        <TopLine Value="1"/>
        <UsageCount Value="10"/>
      </Unit13>
      <Unit14>
        <Filename Value="uDebugger.pp"/>
        <UnitName Value="uDebugger"/>
        <CursorPos X="30" Y="409"/>
        <TopLine Value="387"/>
        <UsageCount Value="29"/>
      </Unit14>
      <Unit15>
        <Filename Value="uMemorySizesDialog.pp"/>
        <ComponentName Value="MemorySizesDialog"/>
        <HasResources Value="True"/>
        <ResourceFilename Value="uMemorySizesDialog.lrs"/>
        <UnitName Value="uMemorySizesDialog"/>
        <CursorPos X="1" Y="2"/>
        <TopLine Value="1"/>
        <UsageCount Value="10"/>
      </Unit15>
      <Unit16>
        <Filename Value="uPrimaryFileDialog.pp"/>
        <ComponentName Value="PrimaryFileDialog"/>
        <HasResources Value="True"/>
        <ResourceFilename Value="uPrimaryFileDialog.lrs"/>
        <UnitName Value="uPrimaryFileDialog"/>
        <CursorPos X="1" Y="1"/>
        <TopLine Value="1"/>
        <UsageCount Value="10"/>
      </Unit16>
      <Unit17>
        <Filename Value="uRuntimeParametersDialog.pp"/>
        <ComponentName Value="RuntimeParametersDialog"/>
        <HasResources Value="True"/>
        <ResourceFilename Value="uRuntimeParametersDialog.lrs"/>
        <UnitName Value="uRuntimeParametersDialog"/>
        <CursorPos X="1" Y="1"/>
        <TopLine Value="1"/>
        <UsageCount Value="10"/>
      </Unit17>
      <Unit18>
        <Filename Value="uTargetDialog.pp"/>
        <ComponentName Value="TargetDialog"/>
        <HasResources Value="True"/>
        <ResourceFilename Value="uTargetDialog.lrs"/>
        <UnitName Value="uTargetDialog"/>
        <CursorPos X="1" Y="1"/>
        <TopLine Value="1"/>
        <UsageCount Value="10"/>
      </Unit18>
      <Unit19>
        <Filename Value="uCompilerModeDialog.pp"/>
        <ComponentName Value="CompilerModeDialog"/>
        <HasResources Value="True"/>
        <ResourceFilename Value="uCompilerModeDialog.lrs"/>
        <UnitName Value="uCompilerModeDialog"/>
        <CursorPos X="1" Y="1"/>
        <TopLine Value="1"/>
        <UsageCount Value="10"/>
      </Unit19>
      <Unit20>
        <Filename Value="uDirectoriesDialog.pp"/>
        <ComponentName Value="DirectoriesDialog"/>
        <HasResources Value="True"/>
        <ResourceFilename Value="uDirectoriesDialog.lrs"/>
        <UnitName Value="uDirectoriesDialog"/>
        <CursorPos X="1" Y="1"/>
        <TopLine Value="1"/>
        <UsageCount Value="10"/>
      </Unit20>
      <Unit21>
        <Filename Value="uEditorOptionsDialog.pp"/>
        <ComponentName Value="EditorOptionsDialog"/>
        <HasResources Value="True"/>
        <ResourceFilename Value="uEditorOptionsDialog.lrs"/>
        <UnitName Value="uEditorOptionsDialog"/>
        <CursorPos X="1" Y="1"/>
        <TopLine Value="1"/>
        <UsageCount Value="10"/>
      </Unit21>
      <Unit22>
        <Filename Value="uFindDialog.pp"/>
        <ComponentName Value="FindDialog"/>
        <HasResources Value="True"/>
        <ResourceFilename Value="uFindDialog.lrs"/>
        <UnitName Value="uFindDialog"/>
        <CursorPos X="6" Y="1"/>
        <TopLine Value="1"/>
        <UsageCount Value="10"/>
      </Unit22>
      <Unit23>
        <Filename Value="uGotoLineDialog.pp"/>
        <ComponentName Value="GotoLineDialog"/>
        <HasResources Value="True"/>
        <ResourceFilename Value="uGotoLineDialog.lrs"/>
        <UnitName Value="uGotoLineDialog"/>
        <CursorPos X="1" Y="1"/>
        <TopLine Value="1"/>
        <UsageCount Value="10"/>
      </Unit23>
      <Unit24>
        <Filename Value="uLinkerDialog.pp"/>
        <ComponentName Value="LinkerDialog"/>
        <HasResources Value="True"/>
        <ResourceFilename Value="uLinkerDialog.lrs"/>
        <UnitName Value="uLinkerDialog"/>
        <CursorPos X="1" Y="1"/>
        <TopLine Value="1"/>
        <UsageCount Value="10"/>
      </Unit24>
      <Unit25>
        <Filename Value="uWatchListWindow.pp"/>
        <ComponentName Value="WatchListWindow"/>
        <IsPartOfProject Value="True"/>
        <ResourceFilename Value="uWatchListWindow.lrs"/>
        <UnitName Value="uWatchListWindow"/>
        <CursorPos X="1" Y="60"/>
        <TopLine Value="48"/>
        <UsageCount Value="73"/>
      </Unit25>
      <Unit26>
        <Filename Value="..\..\Lazarus\ide\translations.pas"/>
        <UnitName Value="Translations"/>
        <CursorPos X="17" Y="142"/>
        <TopLine Value="125"/>
        <UsageCount Value="5"/>
      </Unit26>
      <Unit27>
        <Filename Value="..\..\Lazarus\ide\idetranslations.pas"/>
        <UnitName Value="IDETranslations"/>
        <CursorPos X="31" Y="165"/>
        <TopLine Value="165"/>
        <UsageCount Value="5"/>
      </Unit27>
      <Unit28>
        <Filename Value="..\..\Lazarus\ide\uniteditor.pp"/>
        <ComponentName Value="SourceNoteBook"/>
        <HasResources Value="True"/>
        <UnitName Value="UnitEditor"/>
        <CursorPos X="11" Y="5403"/>
        <TopLine Value="5375"/>
        <UsageCount Value="5"/>
      </Unit28>
      <Unit29>
        <Filename Value="..\..\Lazarus\lcl\lresources.pp"/>
        <UnitName Value="LResources"/>
        <CursorPos X="37" Y="2335"/>
        <TopLine Value="2315"/>
        <UsageCount Value="5"/>
      </Unit29>
      <Unit30>
        <Filename Value="..\..\Lazarus\lcl\include\listcolumns.inc"/>
        <CursorPos X="53" Y="85"/>
        <TopLine Value="66"/>
        <UsageCount Value="6"/>
      </Unit30>
      <Unit31>
        <Filename Value="uAddWatchDialog.pp"/>
        <ComponentName Value="AddWatchDialog"/>
        <IsPartOfProject Value="True"/>
        <ResourceFilename Value="uAddWatchDialog.lrs"/>
        <UnitName Value="uAddWatchDialog"/>
        <CursorPos X="1" Y="1"/>
        <TopLine Value="1"/>
        <UsageCount Value="69"/>
      </Unit31>
      <Unit32>
        <Filename Value="uwatchlistwindow.lrs"/>
        <CursorPos X="1" Y="2"/>
        <TopLine Value="1"/>
        <UsageCount Value="6"/>
      </Unit32>
      <Unit33>
        <Filename Value="uDebugOptionsDialog.pp"/>
        <ComponentName Value="DebugOptionsDialog"/>
        <IsPartOfProject Value="True"/>
        <ResourceFilename Value="uDebugOptionsDialog.lrs"/>
        <UnitName Value="uDebugOptionsDialog"/>
        <CursorPos X="1" Y="1"/>
        <TopLine Value="1"/>
        <UsageCount Value="64"/>
      </Unit33>
      <Unit34>
        <Filename Value="..\..\Lazarus\lcl\grids.pas"/>
        <UnitName Value="Grids"/>
        <CursorPos X="4" Y="3272"/>
        <TopLine Value="3249"/>
        <UsageCount Value="8"/>
      </Unit34>
      <Unit35>
        <Filename Value="uBreakPointListWindow.pp"/>
        <ComponentName Value="BreakPointListWindow"/>
        <IsPartOfProject Value="True"/>
        <ResourceFilename Value="uBreakPointListWindow.lrs"/>
        <UnitName Value="uBreakPointListWindow"/>
        <CursorPos X="25" Y="47"/>
        <TopLine Value="46"/>
        <UsageCount Value="43"/>
      </Unit35>
      <Unit36>
        <Filename Value="uAddBreakPointDialog.pp"/>
        <ComponentName Value="AddBreakpointDialog"/>
        <IsPartOfProject Value="True"/>
        <ResourceFilename Value="uAddBreakPointDialog.lrs"/>
        <UnitName Value="uAddBreakPointDialog"/>
        <CursorPos X="1" Y="18"/>
        <TopLine Value="1"/>
        <UsageCount Value="42"/>
      </Unit36>
      <Unit37>
        <Filename Value="uCallStackWindow.pp"/>
        <ComponentName Value="CallStackWindow"/>
        <IsPartOfProject Value="True"/>
        <ResourceFilename Value="uCallStackWindow.lrs"/>
        <UnitName Value="uCallStackWindow"/>
        <CursorPos X="1" Y="19"/>
        <TopLine Value="1"/>
        <UsageCount Value="37"/>
      </Unit37>
      <Unit38>
        <Filename Value="uRegistersWindow.pp"/>
        <ComponentName Value="RegistersWindow"/>
        <IsPartOfProject Value="True"/>
        <ResourceFilename Value="uRegistersWindow.lrs"/>
        <UnitName Value="uRegistersWindow"/>
        <CursorPos X="20" Y="20"/>
        <TopLine Value="1"/>
        <UsageCount Value="34"/>
      </Unit38>
      <Unit39>
        <Filename Value="uDisassemblyWindow.pp"/>
        <ComponentName Value="DisassemblyWindow"/>
        <IsPartOfProject Value="True"/>
        <ResourceFilename Value="uDisassemblyWindow.lrs"/>
        <UnitName Value="uDisassemblyWindow"/>
        <CursorPos X="1" Y="48"/>
        <TopLine Value="15"/>
        <UsageCount Value="24"/>
      </Unit39>
    </Units>
    <JumpHistory Count="24" HistoryIndex="23">
      <Position1>
        <Filename Value="fpx.lpr"/>
        <Caret Line="8" Column="65" TopLine="1"/>
      </Position1>
      <Position2>
        <Filename Value="fpx.lpr"/>
        <Caret Line="58" Column="43" TopLine="33"/>
      </Position2>
      <Position3>
        <Filename Value="uMain.pp"/>
        <Caret Line="1393" Column="2" TopLine="1390"/>
      </Position3>
      <Position4>
        <Filename Value="uMain.pp"/>
        <Caret Line="305" Column="5" TopLine="305"/>
      </Position4>
      <Position5>
        <Filename Value="uMain.pp"/>
        <Caret Line="629" Column="33" TopLine="611"/>
      </Position5>
      <Position6>
        <Filename Value="uMain.pp"/>
        <Caret Line="1010" Column="59" TopLine="991"/>
      </Position6>
      <Position7>
        <Filename Value="uMain.pp"/>
        <Caret Line="1051" Column="59" TopLine="1032"/>
      </Position7>
      <Position8>
        <Filename Value="uMain.pp"/>
        <Caret Line="1" Column="20" TopLine="1"/>
      </Position8>
      <Position9>
        <Filename Value="uMain.pp"/>
        <Caret Line="268" Column="28" TopLine="249"/>
      </Position9>
      <Position10>
        <Filename Value="uMain.pp"/>
        <Caret Line="1008" Column="39" TopLine="989"/>
      </Position10>
      <Position11>
        <Filename Value="uMain.pp"/>
        <Caret Line="1049" Column="39" TopLine="1030"/>
      </Position11>
      <Position12>
        <Filename Value="uMain.pp"/>
        <Caret Line="1575" Column="9" TopLine="1558"/>
      </Position12>
      <Position13>
        <Filename Value="uMain.pp"/>
        <Caret Line="1406" Column="64" TopLine="1394"/>
      </Position13>
      <Position14>
        <Filename Value="uMain.pp"/>
        <Caret Line="1" Column="34" TopLine="1"/>
      </Position14>
      <Position15>
        <Filename Value="uMain.pp"/>
        <Caret Line="1388" Column="20" TopLine="1375"/>
      </Position15>
      <Position16>
        <Filename Value="uMain.pp"/>
        <Caret Line="1380" Column="47" TopLine="1378"/>
      </Position16>
      <Position17>
        <Filename Value="uMain.pp"/>
        <Caret Line="1159" Column="19" TopLine="1156"/>
      </Position17>
      <Position18>
        <Filename Value="uMain.pp"/>
        <Caret Line="1381" Column="18" TopLine="1378"/>
      </Position18>
      <Position19>
        <Filename Value="uMain.pp"/>
        <Caret Line="1158" Column="3" TopLine="1156"/>
      </Position19>
      <Position20>
        <Filename Value="uMain.pp"/>
        <Caret Line="615" Column="24" TopLine="611"/>
      </Position20>
      <Position21>
        <Filename Value="uMain.pp"/>
        <Caret Line="1383" Column="25" TopLine="1379"/>
      </Position21>
      <Position22>
        <Filename Value="uMain.pp"/>
        <Caret Line="1381" Column="3" TopLine="1379"/>
      </Position22>
      <Position23>
        <Filename Value="uMain.pp"/>
        <Caret Line="1161" Column="24" TopLine="1157"/>
      </Position23>
      <Position24>
        <Filename Value="uEditorOptionsController.pp"/>
        <Caret Line="191" Column="29" TopLine="155"/>
      </Position24>
    </JumpHistory>
  </ProjectOptions>
  <CompilerOptions>
    <Version Value="5"/>
    <PathDelim Value="\"/>
    <SearchPaths>
      <SrcPath Value="$(LazarusDir)\lcl\;$(LazarusDir)\lcl\interfaces\$(LCLWidgetType)\"/>
    </SearchPaths>
    <CodeGeneration>
      <Generate Value="Faster"/>
    </CodeGeneration>
    <Linking>
      <Options>
        <Win32>
          <GraphicApplication Value="True"/>
        </Win32>
      </Options>
    </Linking>
    <Other>
      <CompilerPath Value="$(CompPath)"/>
    </Other>
  </CompilerOptions>
  <Debugging>
    <Exceptions Count="2">
      <Item1>
        <Name Value="ECodetoolError"/>
      </Item1>
      <Item2>
        <Name Value="EFOpenError"/>
      </Item2>
    </Exceptions>
  </Debugging>
</CONFIG>
